// !$*UTF8*$!
{
	archiveVersion = 1;
	classes = {
	};
	objectVersion = 46;
	objects = {

/* Begin PBXBuildFile section */
		736D7EBF14CB7FE8004231E8 /* Cocoa.framework in Frameworks */ = {isa = PBXBuildFile; fileRef = 736D7EBE14CB7FE8004231E8 /* Cocoa.framework */; };
		736D7ED514CB805E004231E8 /* ShapecatcherKit.h in Headers */ = {isa = PBXBuildFile; fileRef = 736D7ED314CB805E004231E8 /* ShapecatcherKit.h */; };
		736D7ED614CB805E004231E8 /* ShapecatcherKit.m in Sources */ = {isa = PBXBuildFile; fileRef = 736D7ED414CB805E004231E8 /* ShapecatcherKit.m */; };
/* End PBXBuildFile section */

/* Begin PBXFileReference section */
		736D7EBB14CB7FE8004231E8 /* ShapecatcherKit.framework */ = {isa = PBXFileReference; explicitFileType = wrapper.framework; includeInIndex = 0; path = ShapecatcherKit.framework; sourceTree = BUILT_PRODUCTS_DIR; };
		736D7EBE14CB7FE8004231E8 /* Cocoa.framework */ = {isa = PBXFileReference; lastKnownFileType = wrapper.framework; name = Cocoa.framework; path = System/Library/Frameworks/Cocoa.framework; sourceTree = SDKROOT; };
		736D7EC314CB7FE8004231E8 /* Foundation.framework */ = {isa = PBXFileReference; lastKnownFileType = wrapper.framework; name = Foundation.framework; path = System/Library/Frameworks/Foundation.framework; sourceTree = SDKROOT; };
		736D7ED314CB805E004231E8 /* ShapecatcherKit.h */ = {isa = PBXFileReference; fileEncoding = 4; lastKnownFileType = sourcecode.c.h; name = ShapecatcherKit.h; path = Source/ShapecatcherKit.h; sourceTree = "<group>"; };
		736D7ED414CB805E004231E8 /* ShapecatcherKit.m */ = {isa = PBXFileReference; fileEncoding = 4; lastKnownFileType = sourcecode.c.objc; name = ShapecatcherKit.m; path = Source/ShapecatcherKit.m; sourceTree = "<group>"; };
/* End PBXFileReference section */

/* Begin PBXFrameworksBuildPhase section */
		736D7EB714CB7FE8004231E8 /* Frameworks */ = {
			isa = PBXFrameworksBuildPhase;
			buildActionMask = 2147483647;
			files = (
				736D7EBF14CB7FE8004231E8 /* Cocoa.framework in Frameworks */,
			);
			runOnlyForDeploymentPostprocessing = 0;
		};
/* End PBXFrameworksBuildPhase section */

/* Begin PBXGroup section */
		736D7EAF14CB7FE8004231E8 = {
			isa = PBXGroup;
			children = (
				736D7ED314CB805E004231E8 /* ShapecatcherKit.h */,
				736D7ED414CB805E004231E8 /* ShapecatcherKit.m */,
				736D7EBD14CB7FE8004231E8 /* Frameworks */,
				736D7EBC14CB7FE8004231E8 /* Products */,
			);
			sourceTree = "<group>";
		};
		736D7EBC14CB7FE8004231E8 /* Products */ = {
			isa = PBXGroup;
			children = (
				736D7EBB14CB7FE8004231E8 /* ShapecatcherKit.framework */,
			);
			name = Products;
			sourceTree = "<group>";
		};
		736D7EBD14CB7FE8004231E8 /* Frameworks */ = {
			isa = PBXGroup;
			children = (
				736D7EBE14CB7FE8004231E8 /* Cocoa.framework */,
				736D7EC314CB7FE8004231E8 /* Foundation.framework */,
			);
			name = Frameworks;
			sourceTree = "<group>";
		};
/* End PBXGroup section */

/* Begin PBXHeadersBuildPhase section */
		736D7EB814CB7FE8004231E8 /* Headers */ = {
			isa = PBXHeadersBuildPhase;
			buildActionMask = 2147483647;
			files = (
				736D7ED514CB805E004231E8 /* ShapecatcherKit.h in Headers */,
			);
			runOnlyForDeploymentPostprocessing = 0;
		};
/* End PBXHeadersBuildPhase section */

/* Begin PBXNativeTarget section */
		736D7EBA14CB7FE8004231E8 /* ShapecatcherKit */ = {
			isa = PBXNativeTarget;
			buildConfigurationList = 736D7ED014CB7FE8004231E8 /* Build configuration list for PBXNativeTarget "ShapecatcherKit" */;
			buildPhases = (
				736D7EB614CB7FE8004231E8 /* Sources */,
				736D7EB714CB7FE8004231E8 /* Frameworks */,
				736D7EB814CB7FE8004231E8 /* Headers */,
				736D7EB914CB7FE8004231E8 /* Resources */,
			);
			buildRules = (
			);
			dependencies = (
			);
			name = ShapecatcherKit;
			productName = ShapecatcherKit;
			productReference = 736D7EBB14CB7FE8004231E8 /* ShapecatcherKit.framework */;
			productType = "com.apple.product-type.framework";
		};
/* End PBXNativeTarget section */

/* Begin PBXProject section */
		736D7EB114CB7FE8004231E8 /* Project object */ = {
			isa = PBXProject;
			attributes = {
				LastUpgradeCheck = 0420;
				ORGANIZATIONNAME = "David Keegan";
			};
			buildConfigurationList = 736D7EB414CB7FE8004231E8 /* Build configuration list for PBXProject "ShapecatcherKit" */;
			compatibilityVersion = "Xcode 3.2";
			developmentRegion = English;
			hasScannedForEncodings = 0;
			knownRegions = (
				en,
			);
			mainGroup = 736D7EAF14CB7FE8004231E8;
			productRefGroup = 736D7EBC14CB7FE8004231E8 /* Products */;
			projectDirPath = "";
			projectRoot = "";
			targets = (
				736D7EBA14CB7FE8004231E8 /* ShapecatcherKit */,
			);
		};
/* End PBXProject section */

/* Begin PBXResourcesBuildPhase section */
		736D7EB914CB7FE8004231E8 /* Resources */ = {
			isa = PBXResourcesBuildPhase;
			buildActionMask = 2147483647;
			files = (
			);
			runOnlyForDeploymentPostprocessing = 0;
		};
/* End PBXResourcesBuildPhase section */

/* Begin PBXSourcesBuildPhase section */
		736D7EB614CB7FE8004231E8 /* Sources */ = {
			isa = PBXSourcesBuildPhase;
			buildActionMask = 2147483647;
			files = (
				736D7ED614CB805E004231E8 /* ShapecatcherKit.m in Sources */,
			);
			runOnlyForDeploymentPostprocessing = 0;
		};
/* End PBXSourcesBuildPhase section */

/* Begin XCBuildConfiguration section */
		736D7ECE14CB7FE8004231E8 /* Debug */ = {
			isa = XCBuildConfiguration;
			buildSettings = {
				ALWAYS_SEARCH_USER_PATHS = NO;
				ARCHS = "$(ARCHS_STANDARD_64_BIT)";
				COPY_PHASE_STRIP = NO;
				GCC_C_LANGUAGE_STANDARD = gnu99;
				GCC_DYNAMIC_NO_PIC = NO;
				GCC_ENABLE_OBJC_EXCEPTIONS = YES;
				GCC_OPTIMIZATION_LEVEL = 0;
				GCC_PREPROCESSOR_DEFINITIONS = (
					"DEBUG=1",
					"$(inherited)",
				);
				GCC_SYMBOLS_PRIVATE_EXTERN = NO;
				GCC_VERSION = com.apple.compilers.llvm.clang.1_0;
				GCC_WARN_64_TO_32_BIT_CONVERSION = YES;
				GCC_WARN_ABOUT_MISSING_PROTOTYPES = YES;
				GCC_WARN_ABOUT_RETURN_TYPE = YES;
				GCC_WARN_UNUSED_VARIABLE = YES;
				MACOSX_DEPLOYMENT_TARGET = 10.7;
				ONLY_ACTIVE_ARCH = YES;
				SDKROOT = macosx;
			};
			name = Debug;
		};
		736D7ECF14CB7FE8004231E8 /* Release */ = {
			isa = XCBuildConfiguration;
			buildSettings = {
				ALWAYS_SEARCH_USER_PATHS = NO;
				ARCHS = "$(ARCHS_STANDARD_64_BIT)";
				COPY_PHASE_STRIP = YES;
				DEBUG_INFORMATION_FORMAT = "dwarf-with-dsym";
				GCC_C_LANGUAGE_STANDARD = gnu99;
				GCC_ENABLE_OBJC_EXCEPTIONS = YES;
				GCC_VERSION = com.apple.compilers.llvm.clang.1_0;
				GCC_WARN_64_TO_32_BIT_CONVERSION = YES;
				GCC_WARN_ABOUT_MISSING_PROTOTYPES = YES;
				GCC_WARN_ABOUT_RETURN_TYPE = YES;
				GCC_WARN_UNUSED_VARIABLE = YES;
				MACOSX_DEPLOYMENT_TARGET = 10.7;
				SDKROOT = macosx;
			};
			name = Release;
		};
		736D7ED114CB7FE8004231E8 /* Debug */ = {
			isa = XCBuildConfiguration;
			buildSettings = {
				CODE_SIGN_IDENTITY = "3rd Party Mac Developer Application";
				DYLIB_COMPATIBILITY_VERSION = 1;
				DYLIB_CURRENT_VERSION = 1;
				FRAMEWORK_VERSION = A;
				INFOPLIST_FILE = "ShapecatcherKit-Info.plist";
				INSTALL_PATH = "@executable_path/../Frameworks";
				PRODUCT_NAME = "$(TARGET_NAME)";
				PROVISIONING_PROFILE = "";
				STRIP_INSTALLED_PRODUCT = YES;
				WRAPPER_EXTENSION = framework;
			};
			name = Debug;
		};
		736D7ED214CB7FE8004231E8 /* Release */ = {
			isa = XCBuildConfiguration;
			buildSettings = {
				CODE_SIGN_IDENTITY = "3rd Party Mac Developer Application";
				DYLIB_COMPATIBILITY_VERSION = 1;
				DYLIB_CURRENT_VERSION = 1;
				FRAMEWORK_VERSION = A;
				INFOPLIST_FILE = "ShapecatcherKit-Info.plist";
				INSTALL_PATH = "@executable_path/../Frameworks";
				PRODUCT_NAME = "$(TARGET_NAME)";
				PROVISIONING_PROFILE = "";
				STRIP_INSTALLED_PRODUCT = YES;
				WRAPPER_EXTENSION = framework;
			};
			name = Release;
		};
/* End XCBuildConfiguration section */

/* Begin XCConfigurationList section */
		736D7EB414CB7FE8004231E8 /* Build configuration list for PBXProject "ShapecatcherKit" */ = {
			isa = XCConfigurationList;
			buildConfigurations = (
				736D7ECE14CB7FE8004231E8 /* Debug */,
				736D7ECF14CB7FE8004231E8 /* Release */,
			);
			defaultConfigurationIsVisible = 0;
			defaultConfigurationName = Release;
		};
		736D7ED014CB7FE8004231E8 /* Build configuration list for PBXNativeTarget "ShapecatcherKit" */ = {
			isa = XCConfigurationList;
			buildConfigurations = (
				736D7ED114CB7FE8004231E8 /* Debug */,
				736D7ED214CB7FE8004231E8 /* Release */,
			);
			defaultConfigurationIsVisible = 0;
		};
/* End XCConfigurationList section */
	};
	rootObject = 736D7EB114CB7FE8004231E8 /* Project object */;
}
