// !$*UTF8*$!
{
	archiveVersion = 1;
	classes = {
	};
	objectVersion = 46;
	objects = {

/* Begin PBXBuildFile section */
		736D7EBF14CB7FE8004231E8 /* Cocoa.framework in Frameworks */ = {isa = PBXBuildFile; fileRef = 736D7EBE14CB7FE8004231E8 /* Cocoa.framework */; };
		736D7ED514CB805E004231E8 /* ShapecatcherKit.h in Headers */ = {isa = PBXBuildFile; fileRef = 736D7ED314CB805E004231E8 /* ShapecatcherKit.h */; settings = {ATTRIBUTES = (Public, ); }; };
		736D7ED614CB805E004231E8 /* ShapecatcherKit.m in Sources */ = {isa = PBXBuildFile; fileRef = 736D7ED414CB805E004231E8 /* ShapecatcherKit.m */; };
		7396A32014CE98760056C86B /* AFHTTPClient.h in Headers */ = {isa = PBXBuildFile; fileRef = 7396A30B14CE98760056C86B /* AFHTTPClient.h */; };
		7396A32114CE98760056C86B /* AFHTTPClient.m in Sources */ = {isa = PBXBuildFile; fileRef = 7396A30C14CE98760056C86B /* AFHTTPClient.m */; };
		7396A32214CE98760056C86B /* AFHTTPRequestOperation.h in Headers */ = {isa = PBXBuildFile; fileRef = 7396A30D14CE98760056C86B /* AFHTTPRequestOperation.h */; };
		7396A32314CE98760056C86B /* AFHTTPRequestOperation.m in Sources */ = {isa = PBXBuildFile; fileRef = 7396A30E14CE98760056C86B /* AFHTTPRequestOperation.m */; };
		7396A32414CE98760056C86B /* AFImageRequestOperation.h in Headers */ = {isa = PBXBuildFile; fileRef = 7396A30F14CE98760056C86B /* AFImageRequestOperation.h */; };
		7396A32514CE98760056C86B /* AFImageRequestOperation.m in Sources */ = {isa = PBXBuildFile; fileRef = 7396A31014CE98760056C86B /* AFImageRequestOperation.m */; };
		7396A32614CE98760056C86B /* AFJSONRequestOperation.h in Headers */ = {isa = PBXBuildFile; fileRef = 7396A31114CE98760056C86B /* AFJSONRequestOperation.h */; };
		7396A32714CE98760056C86B /* AFJSONRequestOperation.m in Sources */ = {isa = PBXBuildFile; fileRef = 7396A31214CE98760056C86B /* AFJSONRequestOperation.m */; };
		7396A32814CE98760056C86B /* AFJSONUtilities.h in Headers */ = {isa = PBXBuildFile; fileRef = 7396A31314CE98760056C86B /* AFJSONUtilities.h */; };
		7396A32914CE98760056C86B /* AFJSONUtilities.m in Sources */ = {isa = PBXBuildFile; fileRef = 7396A31414CE98760056C86B /* AFJSONUtilities.m */; };
		7396A32A14CE98760056C86B /* AFNetworkActivityIndicatorManager.h in Headers */ = {isa = PBXBuildFile; fileRef = 7396A31514CE98760056C86B /* AFNetworkActivityIndicatorManager.h */; };
		7396A32B14CE98760056C86B /* AFNetworkActivityIndicatorManager.m in Sources */ = {isa = PBXBuildFile; fileRef = 7396A31614CE98760056C86B /* AFNetworkActivityIndicatorManager.m */; };
		7396A32C14CE98760056C86B /* AFNetworking.h in Headers */ = {isa = PBXBuildFile; fileRef = 7396A31714CE98760056C86B /* AFNetworking.h */; };
		7396A32D14CE98760056C86B /* AFPropertyListRequestOperation.h in Headers */ = {isa = PBXBuildFile; fileRef = 7396A31814CE98760056C86B /* AFPropertyListRequestOperation.h */; };
		7396A32E14CE98760056C86B /* AFPropertyListRequestOperation.m in Sources */ = {isa = PBXBuildFile; fileRef = 7396A31914CE98760056C86B /* AFPropertyListRequestOperation.m */; };
		7396A32F14CE98760056C86B /* AFURLConnectionOperation.h in Headers */ = {isa = PBXBuildFile; fileRef = 7396A31A14CE98760056C86B /* AFURLConnectionOperation.h */; };
		7396A33014CE98760056C86B /* AFURLConnectionOperation.m in Sources */ = {isa = PBXBuildFile; fileRef = 7396A31B14CE98760056C86B /* AFURLConnectionOperation.m */; };
		7396A33114CE98760056C86B /* AFXMLRequestOperation.h in Headers */ = {isa = PBXBuildFile; fileRef = 7396A31C14CE98760056C86B /* AFXMLRequestOperation.h */; };
		7396A33214CE98760056C86B /* AFXMLRequestOperation.m in Sources */ = {isa = PBXBuildFile; fileRef = 7396A31D14CE98760056C86B /* AFXMLRequestOperation.m */; };
		7396A33314CE98760056C86B /* UIImageView+AFNetworking.h in Headers */ = {isa = PBXBuildFile; fileRef = 7396A31E14CE98760056C86B /* UIImageView+AFNetworking.h */; };
		7396A33414CE98760056C86B /* UIImageView+AFNetworking.m in Sources */ = {isa = PBXBuildFile; fileRef = 7396A31F14CE98760056C86B /* UIImageView+AFNetworking.m */; };
		73A924C114CBB09500E2E20A /* JSONKit.h in Headers */ = {isa = PBXBuildFile; fileRef = 73A924BD14CBB09500E2E20A /* JSONKit.h */; };
		73A924C214CBB09500E2E20A /* JSONKit.m in Sources */ = {isa = PBXBuildFile; fileRef = 73A924BE14CBB09500E2E20A /* JSONKit.m */; };
		73A924FE14CBBB9200E2E20A /* SKShape.h in Headers */ = {isa = PBXBuildFile; fileRef = 73A924FC14CBBB9200E2E20A /* SKShape.h */; settings = {ATTRIBUTES = (Public, ); }; };
		73A924FF14CBBB9200E2E20A /* SKShape.m in Sources */ = {isa = PBXBuildFile; fileRef = 73A924FD14CBBB9200E2E20A /* SKShape.m */; };
		73A9252314CCB01D00E2E20A /* ShapecatcherKit+Private.h in Headers */ = {isa = PBXBuildFile; fileRef = 73A9252114CCB01D00E2E20A /* ShapecatcherKit+Private.h */; };
/* End PBXBuildFile section */

/* Begin PBXFileReference section */
		736D7EBB14CB7FE8004231E8 /* ShapecatcherKit.framework */ = {isa = PBXFileReference; explicitFileType = wrapper.framework; includeInIndex = 0; path = ShapecatcherKit.framework; sourceTree = BUILT_PRODUCTS_DIR; };
		736D7EBE14CB7FE8004231E8 /* Cocoa.framework */ = {isa = PBXFileReference; lastKnownFileType = wrapper.framework; name = Cocoa.framework; path = System/Library/Frameworks/Cocoa.framework; sourceTree = SDKROOT; };
		736D7EC314CB7FE8004231E8 /* Foundation.framework */ = {isa = PBXFileReference; lastKnownFileType = wrapper.framework; name = Foundation.framework; path = System/Library/Frameworks/Foundation.framework; sourceTree = SDKROOT; };
		736D7ED314CB805E004231E8 /* ShapecatcherKit.h */ = {isa = PBXFileReference; fileEncoding = 4; lastKnownFileType = sourcecode.c.h; name = ShapecatcherKit.h; path = Source/ShapecatcherKit.h; sourceTree = "<group>"; };
		736D7ED414CB805E004231E8 /* ShapecatcherKit.m */ = {isa = PBXFileReference; fileEncoding = 4; lastKnownFileType = sourcecode.c.objc; name = ShapecatcherKit.m; path = Source/ShapecatcherKit.m; sourceTree = "<group>"; };
		7396A30B14CE98760056C86B /* AFHTTPClient.h */ = {isa = PBXFileReference; fileEncoding = 4; lastKnownFileType = sourcecode.c.h; path = AFHTTPClient.h; sourceTree = "<group>"; };
		7396A30C14CE98760056C86B /* AFHTTPClient.m */ = {isa = PBXFileReference; fileEncoding = 4; lastKnownFileType = sourcecode.c.objc; path = AFHTTPClient.m; sourceTree = "<group>"; };
		7396A30D14CE98760056C86B /* AFHTTPRequestOperation.h */ = {isa = PBXFileReference; fileEncoding = 4; lastKnownFileType = sourcecode.c.h; path = AFHTTPRequestOperation.h; sourceTree = "<group>"; };
		7396A30E14CE98760056C86B /* AFHTTPRequestOperation.m */ = {isa = PBXFileReference; fileEncoding = 4; lastKnownFileType = sourcecode.c.objc; path = AFHTTPRequestOperation.m; sourceTree = "<group>"; };
		7396A30F14CE98760056C86B /* AFImageRequestOperation.h */ = {isa = PBXFileReference; fileEncoding = 4; lastKnownFileType = sourcecode.c.h; path = AFImageRequestOperation.h; sourceTree = "<group>"; };
		7396A31014CE98760056C86B /* AFImageRequestOperation.m */ = {isa = PBXFileReference; fileEncoding = 4; lastKnownFileType = sourcecode.c.objc; path = AFImageRequestOperation.m; sourceTree = "<group>"; };
		7396A31114CE98760056C86B /* AFJSONRequestOperation.h */ = {isa = PBXFileReference; fileEncoding = 4; lastKnownFileType = sourcecode.c.h; path = AFJSONRequestOperation.h; sourceTree = "<group>"; };
		7396A31214CE98760056C86B /* AFJSONRequestOperation.m */ = {isa = PBXFileReference; fileEncoding = 4; lastKnownFileType = sourcecode.c.objc; path = AFJSONRequestOperation.m; sourceTree = "<group>"; };
		7396A31314CE98760056C86B /* AFJSONUtilities.h */ = {isa = PBXFileReference; fileEncoding = 4; lastKnownFileType = sourcecode.c.h; path = AFJSONUtilities.h; sourceTree = "<group>"; };
		7396A31414CE98760056C86B /* AFJSONUtilities.m */ = {isa = PBXFileReference; fileEncoding = 4; lastKnownFileType = sourcecode.c.objc; path = AFJSONUtilities.m; sourceTree = "<group>"; };
		7396A31514CE98760056C86B /* AFNetworkActivityIndicatorManager.h */ = {isa = PBXFileReference; fileEncoding = 4; lastKnownFileType = sourcecode.c.h; path = AFNetworkActivityIndicatorManager.h; sourceTree = "<group>"; };
		7396A31614CE98760056C86B /* AFNetworkActivityIndicatorManager.m */ = {isa = PBXFileReference; fileEncoding = 4; lastKnownFileType = sourcecode.c.objc; path = AFNetworkActivityIndicatorManager.m; sourceTree = "<group>"; };
		7396A31714CE98760056C86B /* AFNetworking.h */ = {isa = PBXFileReference; fileEncoding = 4; lastKnownFileType = sourcecode.c.h; path = AFNetworking.h; sourceTree = "<group>"; };
		7396A31814CE98760056C86B /* AFPropertyListRequestOperation.h */ = {isa = PBXFileReference; fileEncoding = 4; lastKnownFileType = sourcecode.c.h; path = AFPropertyListRequestOperation.h; sourceTree = "<group>"; };
		7396A31914CE98760056C86B /* AFPropertyListRequestOperation.m */ = {isa = PBXFileReference; fileEncoding = 4; lastKnownFileType = sourcecode.c.objc; path = AFPropertyListRequestOperation.m; sourceTree = "<group>"; };
		7396A31A14CE98760056C86B /* AFURLConnectionOperation.h */ = {isa = PBXFileReference; fileEncoding = 4; lastKnownFileType = sourcecode.c.h; path = AFURLConnectionOperation.h; sourceTree = "<group>"; };
		7396A31B14CE98760056C86B /* AFURLConnectionOperation.m */ = {isa = PBXFileReference; fileEncoding = 4; lastKnownFileType = sourcecode.c.objc; path = AFURLConnectionOperation.m; sourceTree = "<group>"; };
		7396A31C14CE98760056C86B /* AFXMLRequestOperation.h */ = {isa = PBXFileReference; fileEncoding = 4; lastKnownFileType = sourcecode.c.h; path = AFXMLRequestOperation.h; sourceTree = "<group>"; };
		7396A31D14CE98760056C86B /* AFXMLRequestOperation.m */ = {isa = PBXFileReference; fileEncoding = 4; lastKnownFileType = sourcecode.c.objc; path = AFXMLRequestOperation.m; sourceTree = "<group>"; };
		7396A31E14CE98760056C86B /* UIImageView+AFNetworking.h */ = {isa = PBXFileReference; fileEncoding = 4; lastKnownFileType = sourcecode.c.h; path = "UIImageView+AFNetworking.h"; sourceTree = "<group>"; };
		7396A31F14CE98760056C86B /* UIImageView+AFNetworking.m */ = {isa = PBXFileReference; fileEncoding = 4; lastKnownFileType = sourcecode.c.objc; path = "UIImageView+AFNetworking.m"; sourceTree = "<group>"; };
		73A924BD14CBB09500E2E20A /* JSONKit.h */ = {isa = PBXFileReference; fileEncoding = 4; lastKnownFileType = sourcecode.c.h; path = JSONKit.h; sourceTree = "<group>"; };
		73A924BE14CBB09500E2E20A /* JSONKit.m */ = {isa = PBXFileReference; fileEncoding = 4; lastKnownFileType = sourcecode.c.objc; path = JSONKit.m; sourceTree = "<group>"; };
		73A924FA14CBB80A00E2E20A /* AppKit.framework */ = {isa = PBXFileReference; lastKnownFileType = wrapper.framework; name = AppKit.framework; path = System/Library/Frameworks/AppKit.framework; sourceTree = SDKROOT; };
		73A924FC14CBBB9200E2E20A /* SKShape.h */ = {isa = PBXFileReference; fileEncoding = 4; lastKnownFileType = sourcecode.c.h; name = SKShape.h; path = Source/SKShape.h; sourceTree = "<group>"; };
		73A924FD14CBBB9200E2E20A /* SKShape.m */ = {isa = PBXFileReference; fileEncoding = 4; lastKnownFileType = sourcecode.c.objc; name = SKShape.m; path = Source/SKShape.m; sourceTree = "<group>"; };
		73A9252114CCB01D00E2E20A /* ShapecatcherKit+Private.h */ = {isa = PBXFileReference; fileEncoding = 4; lastKnownFileType = sourcecode.c.h; name = "ShapecatcherKit+Private.h"; path = "Source/ShapecatcherKit+Private.h"; sourceTree = "<group>"; };
/* End PBXFileReference section */

/* Begin PBXFrameworksBuildPhase section */
		736D7EB714CB7FE8004231E8 /* Frameworks */ = {
			isa = PBXFrameworksBuildPhase;
			buildActionMask = 2147483647;
			files = (
				736D7EBF14CB7FE8004231E8 /* Cocoa.framework in Frameworks */,
			);
			runOnlyForDeploymentPostprocessing = 0;
		};
/* End PBXFrameworksBuildPhase section */

/* Begin PBXGroup section */
		736D7EAF14CB7FE8004231E8 = {
			isa = PBXGroup;
			children = (
				736D7ED314CB805E004231E8 /* ShapecatcherKit.h */,
				736D7ED414CB805E004231E8 /* ShapecatcherKit.m */,
				73A9252114CCB01D00E2E20A /* ShapecatcherKit+Private.h */,
				73A924FC14CBBB9200E2E20A /* SKShape.h */,
				73A924FD14CBBB9200E2E20A /* SKShape.m */,
				73A924BB14CBB09500E2E20A /* JSONKit */,
				7396A30A14CE98760056C86B /* AFNetworking */,
				736D7EBD14CB7FE8004231E8 /* Frameworks */,
				736D7EBC14CB7FE8004231E8 /* Products */,
			);
			sourceTree = "<group>";
		};
		736D7EBC14CB7FE8004231E8 /* Products */ = {
			isa = PBXGroup;
			children = (
				736D7EBB14CB7FE8004231E8 /* ShapecatcherKit.framework */,
			);
			name = Products;
			sourceTree = "<group>";
		};
		736D7EBD14CB7FE8004231E8 /* Frameworks */ = {
			isa = PBXGroup;
			children = (
				73A924FA14CBB80A00E2E20A /* AppKit.framework */,
				736D7EBE14CB7FE8004231E8 /* Cocoa.framework */,
				736D7EC314CB7FE8004231E8 /* Foundation.framework */,
			);
			name = Frameworks;
			sourceTree = "<group>";
		};
		7396A30A14CE98760056C86B /* AFNetworking */ = {
			isa = PBXGroup;
			children = (
				7396A30B14CE98760056C86B /* AFHTTPClient.h */,
				7396A30C14CE98760056C86B /* AFHTTPClient.m */,
				7396A30D14CE98760056C86B /* AFHTTPRequestOperation.h */,
				7396A30E14CE98760056C86B /* AFHTTPRequestOperation.m */,
				7396A30F14CE98760056C86B /* AFImageRequestOperation.h */,
				7396A31014CE98760056C86B /* AFImageRequestOperation.m */,
				7396A31114CE98760056C86B /* AFJSONRequestOperation.h */,
				7396A31214CE98760056C86B /* AFJSONRequestOperation.m */,
				7396A31314CE98760056C86B /* AFJSONUtilities.h */,
				7396A31414CE98760056C86B /* AFJSONUtilities.m */,
				7396A31514CE98760056C86B /* AFNetworkActivityIndicatorManager.h */,
				7396A31614CE98760056C86B /* AFNetworkActivityIndicatorManager.m */,
				7396A31714CE98760056C86B /* AFNetworking.h */,
				7396A31814CE98760056C86B /* AFPropertyListRequestOperation.h */,
				7396A31914CE98760056C86B /* AFPropertyListRequestOperation.m */,
				7396A31A14CE98760056C86B /* AFURLConnectionOperation.h */,
				7396A31B14CE98760056C86B /* AFURLConnectionOperation.m */,
				7396A31C14CE98760056C86B /* AFXMLRequestOperation.h */,
				7396A31D14CE98760056C86B /* AFXMLRequestOperation.m */,
				7396A31E14CE98760056C86B /* UIImageView+AFNetworking.h */,
				7396A31F14CE98760056C86B /* UIImageView+AFNetworking.m */,
			);
			name = AFNetworking;
			path = AFNetworking/AFNetworking;
			sourceTree = "<group>";
		};
		73A924BB14CBB09500E2E20A /* JSONKit */ = {
			isa = PBXGroup;
			children = (
				73A924BD14CBB09500E2E20A /* JSONKit.h */,
				73A924BE14CBB09500E2E20A /* JSONKit.m */,
			);
			path = JSONKit;
			sourceTree = "<group>";
		};
/* End PBXGroup section */

/* Begin PBXHeadersBuildPhase section */
		736D7EB814CB7FE8004231E8 /* Headers */ = {
			isa = PBXHeadersBuildPhase;
			buildActionMask = 2147483647;
			files = (
				736D7ED514CB805E004231E8 /* ShapecatcherKit.h in Headers */,
				73A924FE14CBBB9200E2E20A /* SKShape.h in Headers */,
				73A924C114CBB09500E2E20A /* JSONKit.h in Headers */,
				73A9252314CCB01D00E2E20A /* ShapecatcherKit+Private.h in Headers */,
				7396A32014CE98760056C86B /* AFHTTPClient.h in Headers */,
				7396A32214CE98760056C86B /* AFHTTPRequestOperation.h in Headers */,
				7396A32414CE98760056C86B /* AFImageRequestOperation.h in Headers */,
				7396A32614CE98760056C86B /* AFJSONRequestOperation.h in Headers */,
				7396A32814CE98760056C86B /* AFJSONUtilities.h in Headers */,
				7396A32A14CE98760056C86B /* AFNetworkActivityIndicatorManager.h in Headers */,
				7396A32C14CE98760056C86B /* AFNetworking.h in Headers */,
				7396A32D14CE98760056C86B /* AFPropertyListRequestOperation.h in Headers */,
				7396A32F14CE98760056C86B /* AFURLConnectionOperation.h in Headers */,
				7396A33114CE98760056C86B /* AFXMLRequestOperation.h in Headers */,
				7396A33314CE98760056C86B /* UIImageView+AFNetworking.h in Headers */,
			);
			runOnlyForDeploymentPostprocessing = 0;
		};
/* End PBXHeadersBuildPhase section */

/* Begin PBXNativeTarget section */
		736D7EBA14CB7FE8004231E8 /* ShapecatcherKit */ = {
			isa = PBXNativeTarget;
			buildConfigurationList = 736D7ED014CB7FE8004231E8 /* Build configuration list for PBXNativeTarget "ShapecatcherKit" */;
			buildPhases = (
				736D7EB614CB7FE8004231E8 /* Sources */,
				736D7EB714CB7FE8004231E8 /* Frameworks */,
				736D7EB814CB7FE8004231E8 /* Headers */,
				736D7EB914CB7FE8004231E8 /* Resources */,
			);
			buildRules = (
			);
			dependencies = (
			);
			name = ShapecatcherKit;
			productName = ShapecatcherKit;
			productReference = 736D7EBB14CB7FE8004231E8 /* ShapecatcherKit.framework */;
			productType = "com.apple.product-type.framework";
		};
/* End PBXNativeTarget section */

/* Begin PBXProject section */
		736D7EB114CB7FE8004231E8 /* Project object */ = {
			isa = PBXProject;
			attributes = {
				LastUpgradeCheck = 0420;
				ORGANIZATIONNAME = "David Keegan";
			};
			buildConfigurationList = 736D7EB414CB7FE8004231E8 /* Build configuration list for PBXProject "ShapecatcherKit" */;
			compatibilityVersion = "Xcode 3.2";
			developmentRegion = English;
			hasScannedForEncodings = 0;
			knownRegions = (
				en,
			);
			mainGroup = 736D7EAF14CB7FE8004231E8;
			productRefGroup = 736D7EBC14CB7FE8004231E8 /* Products */;
			projectDirPath = "";
			projectRoot = "";
			targets = (
				736D7EBA14CB7FE8004231E8 /* ShapecatcherKit */,
			);
		};
/* End PBXProject section */

/* Begin PBXResourcesBuildPhase section */
		736D7EB914CB7FE8004231E8 /* Resources */ = {
			isa = PBXResourcesBuildPhase;
			buildActionMask = 2147483647;
			files = (
			);
			runOnlyForDeploymentPostprocessing = 0;
		};
/* End PBXResourcesBuildPhase section */

/* Begin PBXSourcesBuildPhase section */
		736D7EB614CB7FE8004231E8 /* Sources */ = {
			isa = PBXSourcesBuildPhase;
			buildActionMask = 2147483647;
			files = (
				736D7ED614CB805E004231E8 /* ShapecatcherKit.m in Sources */,
				73A924C214CBB09500E2E20A /* JSONKit.m in Sources */,
				73A924FF14CBBB9200E2E20A /* SKShape.m in Sources */,
				7396A32114CE98760056C86B /* AFHTTPClient.m in Sources */,
				7396A32314CE98760056C86B /* AFHTTPRequestOperation.m in Sources */,
				7396A32514CE98760056C86B /* AFImageRequestOperation.m in Sources */,
				7396A32714CE98760056C86B /* AFJSONRequestOperation.m in Sources */,
				7396A32914CE98760056C86B /* AFJSONUtilities.m in Sources */,
				7396A32B14CE98760056C86B /* AFNetworkActivityIndicatorManager.m in Sources */,
				7396A32E14CE98760056C86B /* AFPropertyListRequestOperation.m in Sources */,
				7396A33014CE98760056C86B /* AFURLConnectionOperation.m in Sources */,
				7396A33214CE98760056C86B /* AFXMLRequestOperation.m in Sources */,
				7396A33414CE98760056C86B /* UIImageView+AFNetworking.m in Sources */,
			);
			runOnlyForDeploymentPostprocessing = 0;
		};
/* End PBXSourcesBuildPhase section */

/* Begin XCBuildConfiguration section */
		736D7ECE14CB7FE8004231E8 /* Debug */ = {
			isa = XCBuildConfiguration;
			buildSettings = {
				ALWAYS_SEARCH_USER_PATHS = NO;
				ARCHS = "$(ARCHS_STANDARD_64_BIT)";
				COPY_PHASE_STRIP = NO;
				GCC_C_LANGUAGE_STANDARD = gnu99;
				GCC_DYNAMIC_NO_PIC = NO;
				GCC_ENABLE_OBJC_EXCEPTIONS = YES;
				GCC_OPTIMIZATION_LEVEL = 0;
				GCC_PREPROCESSOR_DEFINITIONS = (
					"DEBUG=1",
					"$(inherited)",
				);
				GCC_SYMBOLS_PRIVATE_EXTERN = NO;
				GCC_VERSION = com.apple.compilers.llvm.clang.1_0;
				GCC_WARN_64_TO_32_BIT_CONVERSION = YES;
				GCC_WARN_ABOUT_MISSING_PROTOTYPES = YES;
				GCC_WARN_ABOUT_RETURN_TYPE = YES;
				GCC_WARN_UNUSED_VARIABLE = YES;
				MACOSX_DEPLOYMENT_TARGET = 10.7;
				ONLY_ACTIVE_ARCH = YES;
				SDKROOT = macosx;
			};
			name = Debug;
		};
		736D7ECF14CB7FE8004231E8 /* Release */ = {
			isa = XCBuildConfiguration;
			buildSettings = {
				ALWAYS_SEARCH_USER_PATHS = NO;
				ARCHS = "$(ARCHS_STANDARD_64_BIT)";
				COPY_PHASE_STRIP = YES;
				DEBUG_INFORMATION_FORMAT = "dwarf-with-dsym";
				GCC_C_LANGUAGE_STANDARD = gnu99;
				GCC_ENABLE_OBJC_EXCEPTIONS = YES;
				GCC_VERSION = com.apple.compilers.llvm.clang.1_0;
				GCC_WARN_64_TO_32_BIT_CONVERSION = YES;
				GCC_WARN_ABOUT_MISSING_PROTOTYPES = YES;
				GCC_WARN_ABOUT_RETURN_TYPE = YES;
				GCC_WARN_UNUSED_VARIABLE = YES;
				MACOSX_DEPLOYMENT_TARGET = 10.7;
				SDKROOT = macosx;
			};
			name = Release;
		};
		736D7ED114CB7FE8004231E8 /* Debug */ = {
			isa = XCBuildConfiguration;
			buildSettings = {
				CODE_SIGN_IDENTITY = "3rd Party Mac Developer Application";
				DYLIB_COMPATIBILITY_VERSION = 1;
				DYLIB_CURRENT_VERSION = 1;
				FRAMEWORK_VERSION = A;
				INFOPLIST_FILE = "ShapecatcherKit-Info.plist";
				INSTALL_PATH = "@executable_path/../Frameworks";
				PRODUCT_NAME = "$(TARGET_NAME)";
				PROVISIONING_PROFILE = "";
				STRIP_INSTALLED_PRODUCT = YES;
				WRAPPER_EXTENSION = framework;
			};
			name = Debug;
		};
		736D7ED214CB7FE8004231E8 /* Release */ = {
			isa = XCBuildConfiguration;
			buildSettings = {
				CODE_SIGN_IDENTITY = "3rd Party Mac Developer Application";
				DYLIB_COMPATIBILITY_VERSION = 1;
				DYLIB_CURRENT_VERSION = 1;
				FRAMEWORK_VERSION = A;
				INFOPLIST_FILE = "ShapecatcherKit-Info.plist";
				INSTALL_PATH = "@executable_path/../Frameworks";
				PRODUCT_NAME = "$(TARGET_NAME)";
				PROVISIONING_PROFILE = "";
				STRIP_INSTALLED_PRODUCT = YES;
				WRAPPER_EXTENSION = framework;
			};
			name = Release;
		};
/* End XCBuildConfiguration section */

/* Begin XCConfigurationList section */
		736D7EB414CB7FE8004231E8 /* Build configuration list for PBXProject "ShapecatcherKit" */ = {
			isa = XCConfigurationList;
			buildConfigurations = (
				736D7ECE14CB7FE8004231E8 /* Debug */,
				736D7ECF14CB7FE8004231E8 /* Release */,
			);
			defaultConfigurationIsVisible = 0;
			defaultConfigurationName = Release;
		};
		736D7ED014CB7FE8004231E8 /* Build configuration list for PBXNativeTarget "ShapecatcherKit" */ = {
			isa = XCConfigurationList;
			buildConfigurations = (
				736D7ED114CB7FE8004231E8 /* Debug */,
				736D7ED214CB7FE8004231E8 /* Release */,
			);
			defaultConfigurationIsVisible = 0;
			defaultConfigurationName = Release;
		};
/* End XCConfigurationList section */
	};
	rootObject = 736D7EB114CB7FE8004231E8 /* Project object */;
}
